
Microsoft Visual Studio Solution File, Format Version 12.00
# Visual Studio Version 17
VisualStudioVersion = 17.0.31903.59
MinimumVisualStudioVersion = 10.0.40219.1
Project("{2150E333-8FDC-42A3-9474-1A3956D46DE8}") = "src", "src", "{2D400E87-E656-4BB6-B9D8-7C0D503EB565}"
EndProject
Project("{9A19103F-16F7-4668-BE54-9A1E7A4F7556}") = "PBS.ERP.Web", "src\PBS.ERP.Web\PBS.ERP.Web.csproj", "{50E26FDE-31C7-416C-9D55-32CE5D15C8AB}"
EndProject
Project("{9A19103F-16F7-4668-BE54-9A1E7A4F7556}") = "PBS.ERP.Infrastructure", "src\PBS.ERP.Infrastructure\PBS.ERP.Infrastructure.csproj", "{970C07EE-00AB-41FB-8E28-CB0DE77676A4}"
EndProject
Project("{9A19103F-16F7-4668-BE54-9A1E7A4F7556}") = "PBS.ERP.Modules.Portal", "src\PBS.ERP.Modules.Portal\PBS.ERP.Modules.Portal.csproj", "{5836CEC9-4A9C-4894-BF5A-77FC42FD5D88}"
EndProject
Project("{9A19103F-16F7-4668-BE54-9A1E7A4F7556}") = "PBS.ERP.Modules.HR", "src\PBS.ERP.Modules.HR\PBS.ERP.Modules.HR.csproj", "{6EA253C3-BDFA-438C-B8E0-F7CE118F4084}"
EndProject
Project("{9A19103F-16F7-4668-BE54-9A1E7A4F7556}") = "PBS.ERP.Modules.Inventory", "src\PBS.ERP.Modules.Inventory\PBS.ERP.Modules.Inventory.csproj", "{2C079779-8A31-446F-84FC-C5CE134BCFE7}"
EndProject
Project("{9A19103F-16F7-4668-BE54-9A1E7A4F7556}") = "PBS.ERP.Modules.Survey", "src\PBS.ERP.Modules.Survey\PBS.ERP.Modules.Survey.csproj", "{C9222E41-96C6-45F2-921B-0CE028759A4C}"
EndProject
Project("{9A19103F-16F7-4668-BE54-9A1E7A4F7556}") = "PBS.ERP.Modules.Training", "src\PBS.ERP.Modules.Training\PBS.ERP.Modules.Training.csproj", "{BCB9A2EB-C2B8-4451-9000-AC5EE05A9C12}"
EndProject
Project("{9A19103F-16F7-4668-BE54-9A1E7A4F7556}") = "PBS.ERP.Modules.Frame", "src\PBS.ERP.Modules.Frame\PBS.ERP.Modules.Frame.csproj", "{733643A5-43DD-42D0-9C44-93E115A5B7C7}"
EndProject
Project("{9A19103F-16F7-4668-BE54-9A1E7A4F7556}") = "PBS.ERP.Shared", "src\PBS.ERP.Shared\PBS.ERP.Shared.csproj", "{F8F5C6D4-3088-4252-BCAC-C3A9FD6C6CEF}"
EndProject
Project("{9A19103F-16F7-4668-BE54-9A1E7A4F7556}") = "PBS.ERP.Modules.Core", "src\PBS.ERP.Modules.Core\PBS.ERP.Modules.Core.csproj", "{68E63F00-81EA-46FC-902F-DB2AA82BA6F0}"
EndProject
Project("{9A19103F-16F7-4668-BE54-9A1E7A4F7556}") = "PBS.ERP.Modules.Security", "src\PBS.ERP.Modules.Security\PBS.ERP.Modules.Security.csproj", "{117D90F8-8D4D-49AF-80CC-9A8F904B902D}"
EndProject
Project("{9A19103F-16F7-4668-BE54-9A1E7A4F7556}") = "PBS.ERP.Modules.Monitoring", "src\PBS.ERP.Modules.Monitoring\PBS.ERP.Modules.Monitoring.csproj", "{66B710C3-BF1A-4B65-9A9D-BDD7EDDBE60B}"
EndProject
Project("{9A19103F-16F7-4668-BE54-9A1E7A4F7556}") = "PBS.ERP.Modules.Staff", "src\PBS.ERP.Modules.Staff\PBS.ERP.Modules.Staff.csproj", "{3788900E-012E-4917-8387-5CD47C8C7DCF}"
EndProject
Project("{9A19103F-16F7-4668-BE54-9A1E7A4F7556}") = "PBS.ERP.Modules.Subject", "src\PBS.ERP.Modules.Subject\PBS.ERP.Modules.Subject.csproj", "{F18DB575-2CC1-4BB7-A2B2-6D3C55CEF7A7}"
EndProject
Project("{9A19103F-16F7-4668-BE54-9A1E7A4F7556}") = "PBS.ERP.Modules.Api", "src\PBS.ERP.Modules.Api\PBS.ERP.Modules.Api.csproj", "{9DD52388-64B8-419B-9A54-923B5C9D949C}"
EndProject
Global
	GlobalSection(SolutionConfigurationPlatforms) = preSolution
		Debug|Any CPU = Debug|Any CPU
		Release|Any CPU = Release|Any CPU
	EndGlobalSection
	GlobalSection(ProjectConfigurationPlatforms) = postSolution
		{50E26FDE-31C7-416C-9D55-32CE5D15C8AB}.Debug|Any CPU.ActiveCfg = Debug|Any CPU
		{50E26FDE-31C7-416C-9D55-32CE5D15C8AB}.Debug|Any CPU.Build.0 = Debug|Any CPU
		{50E26FDE-31C7-416C-9D55-32CE5D15C8AB}.Release|Any CPU.ActiveCfg = Release|Any CPU
		{50E26FDE-31C7-416C-9D55-32CE5D15C8AB}.Release|Any CPU.Build.0 = Release|Any CPU
		{970C07EE-00AB-41FB-8E28-CB0DE77676A4}.Debug|Any CPU.ActiveCfg = Debug|Any CPU
		{970C07EE-00AB-41FB-8E28-CB0DE77676A4}.Debug|Any CPU.Build.0 = Debug|Any CPU
		{970C07EE-00AB-41FB-8E28-CB0DE77676A4}.Release|Any CPU.ActiveCfg = Release|Any CPU
		{970C07EE-00AB-41FB-8E28-CB0DE77676A4}.Release|Any CPU.Build.0 = Release|Any CPU
		{5836CEC9-4A9C-4894-BF5A-77FC42FD5D88}.Debug|Any CPU.ActiveCfg = Debug|Any CPU
		{5836CEC9-4A9C-4894-BF5A-77FC42FD5D88}.Debug|Any CPU.Build.0 = Debug|Any CPU
		{5836CEC9-4A9C-4894-BF5A-77FC42FD5D88}.Release|Any CPU.ActiveCfg = Release|Any CPU
		{5836CEC9-4A9C-4894-BF5A-77FC42FD5D88}.Release|Any CPU.Build.0 = Release|Any CPU
		{6EA253C3-BDFA-438C-B8E0-F7CE118F4084}.Debug|Any CPU.ActiveCfg = Debug|Any CPU
		{6EA253C3-BDFA-438C-B8E0-F7CE118F4084}.Debug|Any CPU.Build.0 = Debug|Any CPU
		{6EA253C3-BDFA-438C-B8E0-F7CE118F4084}.Release|Any CPU.ActiveCfg = Release|Any CPU
		{6EA253C3-BDFA-438C-B8E0-F7CE118F4084}.Release|Any CPU.Build.0 = Release|Any CPU
		{2C079779-8A31-446F-84FC-C5CE134BCFE7}.Debug|Any CPU.ActiveCfg = Debug|Any CPU
		{2C079779-8A31-446F-84FC-C5CE134BCFE7}.Debug|Any CPU.Build.0 = Debug|Any CPU
		{2C079779-8A31-446F-84FC-C5CE134BCFE7}.Release|Any CPU.ActiveCfg = Release|Any CPU
		{2C079779-8A31-446F-84FC-C5CE134BCFE7}.Release|Any CPU.Build.0 = Release|Any CPU
		{C9222E41-96C6-45F2-921B-0CE028759A4C}.Debug|Any CPU.ActiveCfg = Debug|Any CPU
		{C9222E41-96C6-45F2-921B-0CE028759A4C}.Debug|Any CPU.Build.0 = Debug|Any CPU
		{C9222E41-96C6-45F2-921B-0CE028759A4C}.Release|Any CPU.ActiveCfg = Release|Any CPU
		{C9222E41-96C6-45F2-921B-0CE028759A4C}.Release|Any CPU.Build.0 = Release|Any CPU
		{BCB9A2EB-C2B8-4451-9000-AC5EE05A9C12}.Debug|Any CPU.ActiveCfg = Debug|Any CPU
		{BCB9A2EB-C2B8-4451-9000-AC5EE05A9C12}.Debug|Any CPU.Build.0 = Debug|Any CPU
		{BCB9A2EB-C2B8-4451-9000-AC5EE05A9C12}.Release|Any CPU.ActiveCfg = Release|Any CPU
		{BCB9A2EB-C2B8-4451-9000-AC5EE05A9C12}.Release|Any CPU.Build.0 = Release|Any CPU
		{733643A5-43DD-42D0-9C44-93E115A5B7C7}.Debug|Any CPU.ActiveCfg = Debug|Any CPU
		{733643A5-43DD-42D0-9C44-93E115A5B7C7}.Debug|Any CPU.Build.0 = Debug|Any CPU
		{733643A5-43DD-42D0-9C44-93E115A5B7C7}.Release|Any CPU.ActiveCfg = Release|Any CPU
		{733643A5-43DD-42D0-9C44-93E115A5B7C7}.Release|Any CPU.Build.0 = Release|Any CPU
		{F8F5C6D4-3088-4252-BCAC-C3A9FD6C6CEF}.Debug|Any CPU.ActiveCfg = Debug|Any CPU
		{F8F5C6D4-3088-4252-BCAC-C3A9FD6C6CEF}.Debug|Any CPU.Build.0 = Debug|Any CPU
		{F8F5C6D4-3088-4252-BCAC-C3A9FD6C6CEF}.Release|Any CPU.ActiveCfg = Release|Any CPU
		{F8F5C6D4-3088-4252-BCAC-C3A9FD6C6CEF}.Release|Any CPU.Build.0 = Release|Any CPU
		{68E63F00-81EA-46FC-902F-DB2AA82BA6F0}.Debug|Any CPU.ActiveCfg = Debug|Any CPU
		{68E63F00-81EA-46FC-902F-DB2AA82BA6F0}.Debug|Any CPU.Build.0 = Debug|Any CPU
		{68E63F00-81EA-46FC-902F-DB2AA82BA6F0}.Release|Any CPU.ActiveCfg = Release|Any CPU
		{68E63F00-81EA-46FC-902F-DB2AA82BA6F0}.Release|Any CPU.Build.0 = Release|Any CPU
		{117D90F8-8D4D-49AF-80CC-9A8F904B902D}.Debug|Any CPU.ActiveCfg = Debug|Any CPU
		{117D90F8-8D4D-49AF-80CC-9A8F904B902D}.Debug|Any CPU.Build.0 = Debug|Any CPU
		{117D90F8-8D4D-49AF-80CC-9A8F904B902D}.Release|Any CPU.ActiveCfg = Release|Any CPU
		{117D90F8-8D4D-49AF-80CC-9A8F904B902D}.Release|Any CPU.Build.0 = Release|Any CPU
		{66B710C3-BF1A-4B65-9A9D-BDD7EDDBE60B}.Debug|Any CPU.ActiveCfg = Debug|Any CPU
		{66B710C3-BF1A-4B65-9A9D-BDD7EDDBE60B}.Debug|Any CPU.Build.0 = Debug|Any CPU
		{66B710C3-BF1A-4B65-9A9D-BDD7EDDBE60B}.Release|Any CPU.ActiveCfg = Release|Any CPU
		{66B710C3-BF1A-4B65-9A9D-BDD7EDDBE60B}.Release|Any CPU.Build.0 = Release|Any CPU
		{3788900E-012E-4917-8387-5CD47C8C7DCF}.Debug|Any CPU.ActiveCfg = Debug|Any CPU
		{3788900E-012E-4917-8387-5CD47C8C7DCF}.Debug|Any CPU.Build.0 = Debug|Any CPU
		{3788900E-012E-4917-8387-5CD47C8C7DCF}.Release|Any CPU.ActiveCfg = Release|Any CPU
		{3788900E-012E-4917-8387-5CD47C8C7DCF}.Release|Any CPU.Build.0 = Release|Any CPU
		{F18DB575-2CC1-4BB7-A2B2-6D3C55CEF7A7}.Debug|Any CPU.ActiveCfg = Debug|Any CPU
		{F18DB575-2CC1-4BB7-A2B2-6D3C55CEF7A7}.Debug|Any CPU.Build.0 = Debug|Any CPU
		{F18DB575-2CC1-4BB7-A2B2-6D3C55CEF7A7}.Release|Any CPU.ActiveCfg = Release|Any CPU
		{F18DB575-2CC1-4BB7-A2B2-6D3C55CEF7A7}.Release|Any CPU.Build.0 = Release|Any CPU
		{9DD52388-64B8-419B-9A54-923B5C9D949C}.Debug|Any CPU.ActiveCfg = Debug|Any CPU
		{9DD52388-64B8-419B-9A54-923B5C9D949C}.Debug|Any CPU.Build.0 = Debug|Any CPU
		{9DD52388-64B8-419B-9A54-923B5C9D949C}.Release|Any CPU.ActiveCfg = Release|Any CPU
		{9DD52388-64B8-419B-9A54-923B5C9D949C}.Release|Any CPU.Build.0 = Release|Any CPU
	EndGlobalSection
	GlobalSection(SolutionProperties) = preSolution
		HideSolutionNode = FALSE
	EndGlobalSection
	GlobalSection(NestedProjects) = preSolution
		{50E26FDE-31C7-416C-9D55-32CE5D15C8AB} = {2D400E87-E656-4BB6-B9D8-7C0D503EB565}
		{970C07EE-00AB-41FB-8E28-CB0DE77676A4} = {2D400E87-E656-4BB6-B9D8-7C0D503EB565}
		{5836CEC9-4A9C-4894-BF5A-77FC42FD5D88} = {2D400E87-E656-4BB6-B9D8-7C0D503EB565}
		{6EA253C3-BDFA-438C-B8E0-F7CE118F4084} = {2D400E87-E656-4BB6-B9D8-7C0D503EB565}
		{2C079779-8A31-446F-84FC-C5CE134BCFE7} = {2D400E87-E656-4BB6-B9D8-7C0D503EB565}
		{C9222E41-96C6-45F2-921B-0CE028759A4C} = {2D400E87-E656-4BB6-B9D8-7C0D503EB565}
		{BCB9A2EB-C2B8-4451-9000-AC5EE05A9C12} = {2D400E87-E656-4BB6-B9D8-7C0D503EB565}
		{733643A5-43DD-42D0-9C44-93E115A5B7C7} = {2D400E87-E656-4BB6-B9D8-7C0D503EB565}
		{F8F5C6D4-3088-4252-BCAC-C3A9FD6C6CEF} = {2D400E87-E656-4BB6-B9D8-7C0D503EB565}
		{68E63F00-81EA-46FC-902F-DB2AA82BA6F0} = {2D400E87-E656-4BB6-B9D8-7C0D503EB565}
		{117D90F8-8D4D-49AF-80CC-9A8F904B902D} = {2D400E87-E656-4BB6-B9D8-7C0D503EB565}
		{66B710C3-BF1A-4B65-9A9D-BDD7EDDBE60B} = {2D400E87-E656-4BB6-B9D8-7C0D503EB565}
		{3788900E-012E-4917-8387-5CD47C8C7DCF} = {2D400E87-E656-4BB6-B9D8-7C0D503EB565}
		{F18DB575-2CC1-4BB7-A2B2-6D3C55CEF7A7} = {2D400E87-E656-4BB6-B9D8-7C0D503EB565}
		{9DD52388-64B8-419B-9A54-923B5C9D949C} = {2D400E87-E656-4BB6-B9D8-7C0D503EB565}
	EndGlobalSection
EndGlobal
